
Microsoft Visual Studio Solution File, Format Version 12.00
# Visual Studio Version 17
VisualStudioVersion = 17.14.36705.20 d17.14
MinimumVisualStudioVersion = 10.0.40219.1
Project("{FAE04EC0-301F-11D3-BF4B-00C04F79EFBC}") = "GenerateSubjectLists", "GenerateSubjectLists.csproj", "{09A61EF5-7548-05B3-B2B8-FCF8EF7AE0FA}"
EndProject
Project("{2150E333-8FDC-42A3-9474-1A3956D46DE8}") = "Solution Items", "Solution Items", "{8EC462FD-D22E-90A8-E5CE-7E832BA40C5D}"
EndProject
Global
	GlobalSection(SolutionConfigurationPlatforms) = preSolution
		Debug|Any CPU = Debug|Any CPU
		Release|Any CPU = Release|Any CPU
	EndGlobalSection
	GlobalSection(ProjectConfigurationPlatforms) = postSolution
		{09A61EF5-7548-05B3-B2B8-FCF8EF7AE0FA}.Debug|Any CPU.ActiveCfg = Debug|Any CPU
		{09A61EF5-7548-05B3-B2B8-FCF8EF7AE0FA}.Debug|Any CPU.Build.0 = Debug|Any CPU
		{09A61EF5-7548-05B3-B2B8-FCF8EF7AE0FA}.Release|Any CPU.ActiveCfg = Release|Any CPU
		{09A61EF5-7548-05B3-B2B8-FCF8EF7AE0FA}.Release|Any CPU.Build.0 = Release|Any CPU
	EndGlobalSection
	GlobalSection(SolutionProperties) = preSolution
		HideSolutionNode = FALSE
	EndGlobalSection
	GlobalSection(ExtensibilityGlobals) = postSolution
		SolutionGuid = {EA413FDC-9CB4-41D8-9102-15CC65B90CC7}
	EndGlobalSection
EndGlobal
